// !$*UTF8*$!
{
	archiveVersion = 1;
	classes = {
	};
	objectVersion = 77;
	objects = {

/* Begin PBXContainerItemProxy section */
		4165B3472DCE7A9C004BC3CD /* PBXContainerItemProxy */ = {
			isa = PBXContainerItemProxy;
			containerPortal = 4165B3312DCE7A9A004BC3CD /* Project object */;
			proxyType = 1;
			remoteGlobalIDString = 4165B3382DCE7A9A004BC3CD;
			remoteInfo = TourStep;
		};
		4165B3512DCE7A9C004BC3CD /* PBXContainerItemProxy */ = {
			isa = PBXContainerItemProxy;
			containerPortal = 4165B3312DCE7A9A004BC3CD /* Project object */;
			proxyType = 1;
			remoteGlobalIDString = 4165B3382DCE7A9A004BC3CD;
			remoteInfo = TourStep;
		};
/* End PBXContainerItemProxy section */

/* Begin PBXFileReference section */
		4165B3392DCE7A9A004BC3CD /* TourStep.app */ = {isa = PBXFileReference; explicitFileType = wrapper.application; includeInIndex = 0; path = TourStep.app; sourceTree = BUILT_PRODUCTS_DIR; };
		4165B3462DCE7A9C004BC3CD /* TourStepTests.xctest */ = {isa = PBXFileReference; explicitFileType = wrapper.cfbundle; includeInIndex = 0; path = TourStepTests.xctest; sourceTree = BUILT_PRODUCTS_DIR; };
		4165B3502DCE7A9C004BC3CD /* TourStepUITests.xctest */ = {isa = PBXFileReference; explicitFileType = wrapper.cfbundle; includeInIndex = 0; path = TourStepUITests.xctest; sourceTree = BUILT_PRODUCTS_DIR; };
/* End PBXFileReference section */

/* Begin PBXFileSystemSynchronizedRootGroup section */
		4165B33B2DCE7A9A004BC3CD /* TourStep */ = {
			isa = PBXFileSystemSynchronizedRootGroup;
			path = TourStep;
			sourceTree = "<group>";
		};
		4165B3492DCE7A9C004BC3CD /* TourStepTests */ = {
			isa = PBXFileSystemSynchronizedRootGroup;
			path = TourStepTests;
			sourceTree = "<group>";
		};
		4165B3532DCE7A9C004BC3CD /* TourStepUITests */ = {
			isa = PBXFileSystemSynchronizedRootGroup;
			path = TourStepUITests;
			sourceTree = "<group>";
		};
/* End PBXFileSystemSynchronizedRootGroup section */

/* Begin PBXFrameworksBuildPhase section */
		4165B3362DCE7A9A004BC3CD /* Frameworks */ = {
			isa = PBXFrameworksBuildPhase;
			buildActionMask = 2147483647;
			files = (
			);
			runOnlyForDeploymentPostprocessing = 0;
		};
		4165B3432DCE7A9C004BC3CD /* Frameworks */ = {
			isa = PBXFrameworksBuildPhase;
			buildActionMask = 2147483647;
			files = (
			);
			runOnlyForDeploymentPostprocessing = 0;
		};
		4165B34D2DCE7A9C004BC3CD /* Frameworks */ = {
			isa = PBXFrameworksBuildPhase;
			buildActionMask = 2147483647;
			files = (
			);
			runOnlyForDeploymentPostprocessing = 0;
		};
/* End PBXFrameworksBuildPhase section */

/* Begin PBXGroup section */
		4165B3302DCE7A9A004BC3CD = {
			isa = PBXGroup;
			children = (
				4165B33B2DCE7A9A004BC3CD /* TourStep */,
				4165B3492DCE7A9C004BC3CD /* TourStepTests */,
				4165B3532DCE7A9C004BC3CD /* TourStepUITests */,
				4165B33A2DCE7A9A004BC3CD /* Products */,
			);
			sourceTree = "<group>";
		};
		4165B33A2DCE7A9A004BC3CD /* Products */ = {
			isa = PBXGroup;
			children = (
				4165B3392DCE7A9A004BC3CD /* TourStep.app */,
				4165B3462DCE7A9C004BC3CD /* TourStepTests.xctest */,
				4165B3502DCE7A9C004BC3CD /* TourStepUITests.xctest */,
			);
			name = Products;
			sourceTree = "<group>";
		};
/* End PBXGroup section */

/* Begin PBXNativeTarget section */
		4165B3382DCE7A9A004BC3CD /* TourStep */ = {
			isa = PBXNativeTarget;
			buildConfigurationList = 4165B35A2DCE7A9C004BC3CD /* Build configuration list for PBXNativeTarget "TourStep" */;
			buildPhases = (
				4165B3352DCE7A9A004BC3CD /* Sources */,
				4165B3362DCE7A9A004BC3CD /* Frameworks */,
				4165B3372DCE7A9A004BC3CD /* Resources */,
			);
			buildRules = (
			);
			dependencies = (
			);
			fileSystemSynchronizedGroups = (
				4165B33B2DCE7A9A004BC3CD /* TourStep */,
			);
			name = TourStep;
			packageProductDependencies = (
			);
			productName = TourStep;
			productReference = 4165B3392DCE7A9A004BC3CD /* TourStep.app */;
			productType = "com.apple.product-type.application";
		};
		4165B3452DCE7A9C004BC3CD /* TourStepTests */ = {
			isa = PBXNativeTarget;
			buildConfigurationList = 4165B35D2DCE7A9C004BC3CD /* Build configuration list for PBXNativeTarget "TourStepTests" */;
			buildPhases = (
				4165B3422DCE7A9C004BC3CD /* Sources */,
				4165B3432DCE7A9C004BC3CD /* Frameworks */,
				4165B3442DCE7A9C004BC3CD /* Resources */,
			);
			buildRules = (
			);
			dependencies = (
				4165B3482DCE7A9C004BC3CD /* PBXTargetDependency */,
			);
			fileSystemSynchronizedGroups = (
				4165B3492DCE7A9C004BC3CD /* TourStepTests */,
			);
			name = TourStepTests;
			packageProductDependencies = (
			);
			productName = TourStepTests;
			productReference = 4165B3462DCE7A9C004BC3CD /* TourStepTests.xctest */;
			productType = "com.apple.product-type.bundle.unit-test";
		};
		4165B34F2DCE7A9C004BC3CD /* TourStepUITests */ = {
			isa = PBXNativeTarget;
			buildConfigurationList = 4165B3602DCE7A9C004BC3CD /* Build configuration list for PBXNativeTarget "TourStepUITests" */;
			buildPhases = (
				4165B34C2DCE7A9C004BC3CD /* Sources */,
				4165B34D2DCE7A9C004BC3CD /* Frameworks */,
				4165B34E2DCE7A9C004BC3CD /* Resources */,
			);
			buildRules = (
			);
			dependencies = (
				4165B3522DCE7A9C004BC3CD /* PBXTargetDependency */,
			);
			fileSystemSynchronizedGroups = (
				4165B3532DCE7A9C004BC3CD /* TourStepUITests */,
			);
			name = TourStepUITests;
			packageProductDependencies = (
			);
			productName = TourStepUITests;
			productReference = 4165B3502DCE7A9C004BC3CD /* TourStepUITests.xctest */;
			productType = "com.apple.product-type.bundle.ui-testing";
		};
/* End PBXNativeTarget section */

/* Begin PBXProject section */
		4165B3312DCE7A9A004BC3CD /* Project object */ = {
			isa = PBXProject;
			attributes = {
				BuildIndependentTargetsInParallel = 1;
				LastSwiftUpdateCheck = 1630;
				LastUpgradeCheck = 1630;
				TargetAttributes = {
					4165B3382DCE7A9A004BC3CD = {
						CreatedOnToolsVersion = 16.3;
					};
					4165B3452DCE7A9C004BC3CD = {
						CreatedOnToolsVersion = 16.3;
						TestTargetID = 4165B3382DCE7A9A004BC3CD;
					};
					4165B34F2DCE7A9C004BC3CD = {
						CreatedOnToolsVersion = 16.3;
						TestTargetID = 4165B3382DCE7A9A004BC3CD;
					};
				};
			};
			buildConfigurationList = 4165B3342DCE7A9A004BC3CD /* Build configuration list for PBXProject "TourStep" */;
			developmentRegion = en;
			hasScannedForEncodings = 0;
			knownRegions = (
				en,
				Base,
			);
			mainGroup = 4165B3302DCE7A9A004BC3CD;
			minimizedProjectReferenceProxies = 1;
			preferredProjectObjectVersion = 77;
			productRefGroup = 4165B33A2DCE7A9A004BC3CD /* Products */;
			projectDirPath = "";
			projectRoot = "";
			targets = (
				4165B3382DCE7A9A004BC3CD /* TourStep */,
				4165B3452DCE7A9C004BC3CD /* TourStepTests */,
				4165B34F2DCE7A9C004BC3CD /* TourStepUITests */,
			);
		};
/* End PBXProject section */

/* Begin PBXResourcesBuildPhase section */
		4165B3372DCE7A9A004BC3CD /* Resources */ = {
			isa = PBXResourcesBuildPhase;
			buildActionMask = 2147483647;
			files = (
			);
			runOnlyForDeploymentPostprocessing = 0;
		};
		4165B3442DCE7A9C004BC3CD /* Resources */ = {
			isa = PBXResourcesBuildPhase;
			buildActionMask = 2147483647;
			files = (
			);
			runOnlyForDeploymentPostprocessing = 0;
		};
		4165B34E2DCE7A9C004BC3CD /* Resources */ = {
			isa = PBXResourcesBuildPhase;
			buildActionMask = 2147483647;
			files = (
			);
			runOnlyForDeploymentPostprocessing = 0;
		};
/* End PBXResourcesBuildPhase section */

/* Begin PBXSourcesBuildPhase section */
		4165B3352DCE7A9A004BC3CD /* Sources */ = {
			isa = PBXSourcesBuildPhase;
			buildActionMask = 2147483647;
			files = (
			);
			runOnlyForDeploymentPostprocessing = 0;
		};
		4165B3422DCE7A9C004BC3CD /* Sources */ = {
			isa = PBXSourcesBuildPhase;
			buildActionMask = 2147483647;
			files = (
			);
			runOnlyForDeploymentPostprocessing = 0;
		};
		4165B34C2DCE7A9C004BC3CD /* Sources */ = {
			isa = PBXSourcesBuildPhase;
			buildActionMask = 2147483647;
			files = (
			);
			runOnlyForDeploymentPostprocessing = 0;
		};
/* End PBXSourcesBuildPhase section */

/* Begin PBXTargetDependency section */
		4165B3482DCE7A9C004BC3CD /* PBXTargetDependency */ = {
			isa = PBXTargetDependency;
			target = 4165B3382DCE7A9A004BC3CD /* TourStep */;
			targetProxy = 4165B3472DCE7A9C004BC3CD /* PBXContainerItemProxy */;
		};
		4165B3522DCE7A9C004BC3CD /* PBXTargetDependency */ = {
			isa = PBXTargetDependency;
			target = 4165B3382DCE7A9A004BC3CD /* TourStep */;
			targetProxy = 4165B3512DCE7A9C004BC3CD /* PBXContainerItemProxy */;
		};
/* End PBXTargetDependency section */

/* Begin XCBuildConfiguration section */
		4165B3582DCE7A9C004BC3CD /* Debug */ = {
			isa = XCBuildConfiguration;
			buildSettings = {
				ALWAYS_SEARCH_USER_PATHS = NO;
				ASSETCATALOG_COMPILER_GENERATE_SWIFT_ASSET_SYMBOL_EXTENSIONS = YES;
				CLANG_ANALYZER_NONNULL = YES;
				CLANG_ANALYZER_NUMBER_OBJECT_CONVERSION = YES_AGGRESSIVE;
				CLANG_CXX_LANGUAGE_STANDARD = "gnu++20";
				CLANG_ENABLE_MODULES = YES;
				CLANG_ENABLE_OBJC_ARC = YES;
				CLANG_ENABLE_OBJC_WEAK = YES;
				CLANG_WARN_BLOCK_CAPTURE_AUTORELEASING = YES;
				CLANG_WARN_BOOL_CONVERSION = YES;
				CLANG_WARN_COMMA = YES;
				CLANG_WARN_CONSTANT_CONVERSION = YES;
				CLANG_WARN_DEPRECATED_OBJC_IMPLEMENTATIONS = YES;
				CLANG_WARN_DIRECT_OBJC_ISA_USAGE = YES_ERROR;
				CLANG_WARN_DOCUMENTATION_COMMENTS = YES;
				CLANG_WARN_EMPTY_BODY = YES;
				CLANG_WARN_ENUM_CONVERSION = YES;
				CLANG_WARN_INFINITE_RECURSION = YES;
				CLANG_WARN_INT_CONVERSION = YES;
				CLANG_WARN_NON_LITERAL_NULL_CONVERSION = YES;
				CLANG_WARN_OBJC_IMPLICIT_RETAIN_SELF = YES;
				CLANG_WARN_OBJC_LITERAL_CONVERSION = YES;
				CLANG_WARN_OBJC_ROOT_CLASS = YES_ERROR;
				CLANG_WARN_QUOTED_INCLUDE_IN_FRAMEWORK_HEADER = YES;
				CLANG_WARN_RANGE_LOOP_ANALYSIS = YES;
				CLANG_WARN_STRICT_PROTOTYPES = YES;
				CLANG_WARN_SUSPICIOUS_MOVE = YES;
				CLANG_WARN_UNGUARDED_AVAILABILITY = YES_AGGRESSIVE;
				CLANG_WARN_UNREACHABLE_CODE = YES;
				CLANG_WARN__DUPLICATE_METHOD_MATCH = YES;
				COPY_PHASE_STRIP = NO;
				DEBUG_INFORMATION_FORMAT = dwarf;
				DEVELOPMENT_TEAM = 5MJL9QS49T;
				ENABLE_STRICT_OBJC_MSGSEND = YES;
				ENABLE_TESTABILITY = YES;
				ENABLE_USER_SCRIPT_SANDBOXING = YES;
				GCC_C_LANGUAGE_STANDARD = gnu17;
				GCC_DYNAMIC_NO_PIC = NO;
				GCC_NO_COMMON_BLOCKS = YES;
				GCC_OPTIMIZATION_LEVEL = 0;
				GCC_PREPROCESSOR_DEFINITIONS = (
					"DEBUG=1",
					"$(inherited)",
				);
				GCC_WARN_64_TO_32_BIT_CONVERSION = YES;
				GCC_WARN_ABOUT_RETURN_TYPE = YES_ERROR;
				GCC_WARN_UNDECLARED_SELECTOR = YES;
				GCC_WARN_UNINITIALIZED_AUTOS = YES_AGGRESSIVE;
				GCC_WARN_UNUSED_FUNCTION = YES;
				GCC_WARN_UNUSED_VARIABLE = YES;
				IPHONEOS_DEPLOYMENT_TARGET = 18.4;
				LOCALIZATION_PREFERS_STRING_CATALOGS = YES;
				MTL_ENABLE_DEBUG_INFO = INCLUDE_SOURCE;
				MTL_FAST_MATH = YES;
				ONLY_ACTIVE_ARCH = YES;
				SDKROOT = iphoneos;
				SWIFT_ACTIVE_COMPILATION_CONDITIONS = "DEBUG $(inherited)";
				SWIFT_OPTIMIZATION_LEVEL = "-Onone";
			};
			name = Debug;
		};
		4165B3592DCE7A9C004BC3CD /* Release */ = {
			isa = XCBuildConfiguration;
			buildSettings = {
				ALWAYS_SEARCH_USER_PATHS = NO;
				ASSETCATALOG_COMPILER_GENERATE_SWIFT_ASSET_SYMBOL_EXTENSIONS = YES;
				CLANG_ANALYZER_NONNULL = YES;
				CLANG_ANALYZER_NUMBER_OBJECT_CONVERSION = YES_AGGRESSIVE;
				CLANG_CXX_LANGUAGE_STANDARD = "gnu++20";
				CLANG_ENABLE_MODULES = YES;
				CLANG_ENABLE_OBJC_ARC = YES;
				CLANG_ENABLE_OBJC_WEAK = YES;
				CLANG_WARN_BLOCK_CAPTURE_AUTORELEASING = YES;
				CLANG_WARN_BOOL_CONVERSION = YES;
				CLANG_WARN_COMMA = YES;
				CLANG_WARN_CONSTANT_CONVERSION = YES;
				CLANG_WARN_DEPRECATED_OBJC_IMPLEMENTATIONS = YES;
				CLANG_WARN_DIRECT_OBJC_ISA_USAGE = YES_ERROR;
				CLANG_WARN_DOCUMENTATION_COMMENTS = YES;
				CLANG_WARN_EMPTY_BODY = YES;
				CLANG_WARN_ENUM_CONVERSION = YES;
				CLANG_WARN_INFINITE_RECURSION = YES;
				CLANG_WARN_INT_CONVERSION = YES;
				CLANG_WARN_NON_LITERAL_NULL_CONVERSION = YES;
				CLANG_WARN_OBJC_IMPLICIT_RETAIN_SELF = YES;
				CLANG_WARN_OBJC_LITERAL_CONVERSION = YES;
				CLANG_WARN_OBJC_ROOT_CLASS = YES_ERROR;
				CLANG_WARN_QUOTED_INCLUDE_IN_FRAMEWORK_HEADER = YES;
				CLANG_WARN_RANGE_LOOP_ANALYSIS = YES;
				CLANG_WARN_STRICT_PROTOTYPES = YES;
				CLANG_WARN_SUSPICIOUS_MOVE = YES;
				CLANG_WARN_UNGUARDED_AVAILABILITY = YES_AGGRESSIVE;
				CLANG_WARN_UNREACHABLE_CODE = YES;
				CLANG_WARN__DUPLICATE_METHOD_MATCH = YES;
				COPY_PHASE_STRIP = NO;
				DEBUG_INFORMATION_FORMAT = "dwarf-with-dsym";
				DEVELOPMENT_TEAM = 5MJL9QS49T;
				ENABLE_NS_ASSERTIONS = NO;
				ENABLE_STRICT_OBJC_MSGSEND = YES;
				ENABLE_USER_SCRIPT_SANDBOXING = YES;
				GCC_C_LANGUAGE_STANDARD = gnu17;
				GCC_NO_COMMON_BLOCKS = YES;
				GCC_WARN_64_TO_32_BIT_CONVERSION = YES;
				GCC_WARN_ABOUT_RETURN_TYPE = YES_ERROR;
				GCC_WARN_UNDECLARED_SELECTOR = YES;
				GCC_WARN_UNINITIALIZED_AUTOS = YES_AGGRESSIVE;
				GCC_WARN_UNUSED_FUNCTION = YES;
				GCC_WARN_UNUSED_VARIABLE = YES;
				IPHONEOS_DEPLOYMENT_TARGET = 18.4;
				LOCALIZATION_PREFERS_STRING_CATALOGS = YES;
				MTL_ENABLE_DEBUG_INFO = NO;
				MTL_FAST_MATH = YES;
				SDKROOT = iphoneos;
				SWIFT_COMPILATION_MODE = wholemodule;
				VALIDATE_PRODUCT = YES;
			};
			name = Release;
		};
		4165B35B2DCE7A9C004BC3CD /* Debug */ = {
			isa = XCBuildConfiguration;
			buildSettings = {
				ASSETCATALOG_COMPILER_APPICON_NAME = AppIcon;
				ASSETCATALOG_COMPILER_GLOBAL_ACCENT_COLOR_NAME = AccentColor;
				CODE_SIGN_STYLE = Automatic;
				CURRENT_PROJECT_VERSION = 1;
				DEVELOPMENT_TEAM = 5MJL9QS49T;
				ENABLE_PREVIEWS = YES;
				GENERATE_INFOPLIST_FILE = YES;
				INFOPLIST_KEY_UIApplicationSceneManifest_Generation = YES;
				INFOPLIST_KEY_UIApplicationSupportsIndirectInputEvents = YES;
				INFOPLIST_KEY_UILaunchScreen_Generation = YES;
				INFOPLIST_KEY_UISupportedInterfaceOrientations_iPad = "UIInterfaceOrientationPortrait UIInterfaceOrientationPortraitUpsideDown UIInterfaceOrientationLandscapeLeft UIInterfaceOrientationLandscapeRight";
				INFOPLIST_KEY_UISupportedInterfaceOrientations_iPhone = "UIInterfaceOrientationPortrait UIInterfaceOrientationLandscapeLeft UIInterfaceOrientationLandscapeRight";
				LD_RUNPATH_SEARCH_PATHS = (
					"$(inherited)",
					"@executable_path/Frameworks",
				);
				MARKETING_VERSION = 1.0;
				PRODUCT_BUNDLE_IDENTIFIER = Generic.TourStep;
				PRODUCT_NAME = "$(TARGET_NAME)";
				SWIFT_EMIT_LOC_STRINGS = YES;
				SWIFT_VERSION = 5.0;
				TARGETED_DEVICE_FAMILY = "1,2";
			};
			name = Debug;
		};
		4165B35C2DCE7A9C004BC3CD /* Release */ = {
			isa = XCBuildConfiguration;
			buildSettings = {
				ASSETCATALOG_COMPILER_APPICON_NAME = AppIcon;
				ASSETCATALOG_COMPILER_GLOBAL_ACCENT_COLOR_NAME = AccentColor;
				CODE_SIGN_STYLE = Automatic;
				CURRENT_PROJECT_VERSION = 1;
				DEVELOPMENT_TEAM = 5MJL9QS49T;
				ENABLE_PREVIEWS = YES;
				GENERATE_INFOPLIST_FILE = YES;
				INFOPLIST_KEY_UIApplicationSceneManifest_Generation = YES;
				INFOPLIST_KEY_UIApplicationSupportsIndirectInputEvents = YES;
				INFOPLIST_KEY_UILaunchScreen_Generation = YES;
				INFOPLIST_KEY_UISupportedInterfaceOrientations_iPad = "UIInterfaceOrientationPortrait UIInterfaceOrientationPortraitUpsideDown UIInterfaceOrientationLandscapeLeft UIInterfaceOrientationLandscapeRight";
				INFOPLIST_KEY_UISupportedInterfaceOrientations_iPhone = "UIInterfaceOrientationPortrait UIInterfaceOrientationLandscapeLeft UIInterfaceOrientationLandscapeRight";
				LD_RUNPATH_SEARCH_PATHS = (
					"$(inherited)",
					"@executable_path/Frameworks",
				);
				MARKETING_VERSION = 1.0;
				PRODUCT_BUNDLE_IDENTIFIER = Generic.TourStep;
				PRODUCT_NAME = "$(TARGET_NAME)";
				SWIFT_EMIT_LOC_STRINGS = YES;
				SWIFT_VERSION = 5.0;
				TARGETED_DEVICE_FAMILY = "1,2";
			};
			name = Release;
		};
		4165B35E2DCE7A9C004BC3CD /* Debug */ = {
			isa = XCBuildConfiguration;
			buildSettings = {
				BUNDLE_LOADER = "$(TEST_HOST)";
				CODE_SIGN_STYLE = Automatic;
				CURRENT_PROJECT_VERSION = 1;
				DEVELOPMENT_TEAM = 5MJL9QS49T;
				GENERATE_INFOPLIST_FILE = YES;
				IPHONEOS_DEPLOYMENT_TARGET = 18.4;
				MARKETING_VERSION = 1.0;
				PRODUCT_BUNDLE_IDENTIFIER = Generic.TourStepTests;
				PRODUCT_NAME = "$(TARGET_NAME)";
				SWIFT_EMIT_LOC_STRINGS = NO;
				SWIFT_VERSION = 5.0;
				TARGETED_DEVICE_FAMILY = "1,2";
				TEST_HOST = "$(BUILT_PRODUCTS_DIR)/TourStep.app/$(BUNDLE_EXECUTABLE_FOLDER_PATH)/TourStep";
			};
			name = Debug;
		};
		4165B35F2DCE7A9C004BC3CD /* Release */ = {
			isa = XCBuildConfiguration;
			buildSettings = {
				BUNDLE_LOADER = "$(TEST_HOST)";
				CODE_SIGN_STYLE = Automatic;
				CURRENT_PROJECT_VERSION = 1;
				DEVELOPMENT_TEAM = 5MJL9QS49T;
				GENERATE_INFOPLIST_FILE = YES;
				IPHONEOS_DEPLOYMENT_TARGET = 18.4;
				MARKETING_VERSION = 1.0;
				PRODUCT_BUNDLE_IDENTIFIER = Generic.TourStepTests;
				PRODUCT_NAME = "$(TARGET_NAME)";
				SWIFT_EMIT_LOC_STRINGS = NO;
				SWIFT_VERSION = 5.0;
				TARGETED_DEVICE_FAMILY = "1,2";
				TEST_HOST = "$(BUILT_PRODUCTS_DIR)/TourStep.app/$(BUNDLE_EXECUTABLE_FOLDER_PATH)/TourStep";
			};
			name = Release;
		};
		4165B3612DCE7A9C004BC3CD /* Debug */ = {
			isa = XCBuildConfiguration;
			buildSettings = {
				CODE_SIGN_STYLE = Automatic;
				CURRENT_PROJECT_VERSION = 1;
				DEVELOPMENT_TEAM = 5MJL9QS49T;
				GENERATE_INFOPLIST_FILE = YES;
				MARKETING_VERSION = 1.0;
				PRODUCT_BUNDLE_IDENTIFIER = Generic.TourStepUITests;
				PRODUCT_NAME = "$(TARGET_NAME)";
				SWIFT_EMIT_LOC_STRINGS = NO;
				SWIFT_VERSION = 5.0;
				TARGETED_DEVICE_FAMILY = "1,2";
				TEST_TARGET_NAME = TourStep;
			};
			name = Debug;
		};
		4165B3622DCE7A9C004BC3CD /* Release */ = {
			isa = XCBuildConfiguration;
			buildSettings = {
				CODE_SIGN_STYLE = Automatic;
				CURRENT_PROJECT_VERSION = 1;
				DEVELOPMENT_TEAM = 5MJL9QS49T;
				GENERATE_INFOPLIST_FILE = YES;
				MARKETING_VERSION = 1.0;
				PRODUCT_BUNDLE_IDENTIFIER = Generic.TourStepUITests;
				PRODUCT_NAME = "$(TARGET_NAME)";
				SWIFT_EMIT_LOC_STRINGS = NO;
				SWIFT_VERSION = 5.0;
				TARGETED_DEVICE_FAMILY = "1,2";
				TEST_TARGET_NAME = TourStep;
			};
			name = Release;
		};
/* End XCBuildConfiguration section */

/* Begin XCConfigurationList section */
		4165B3342DCE7A9A004BC3CD /* Build configuration list for PBXProject "TourStep" */ = {
			isa = XCConfigurationList;
			buildConfigurations = (
				4165B3582DCE7A9C004BC3CD /* Debug */,
				4165B3592DCE7A9C004BC3CD /* Release */,
			);
			defaultConfigurationIsVisible = 0;
			defaultConfigurationName = Release;
		};
		4165B35A2DCE7A9C004BC3CD /* Build configuration list for PBXNativeTarget "TourStep" */ = {
			isa = XCConfigurationList;
			buildConfigurations = (
				4165B35B2DCE7A9C004BC3CD /* Debug */,
				4165B35C2DCE7A9C004BC3CD /* Release */,
			);
			defaultConfigurationIsVisible = 0;
			defaultConfigurationName = Release;
		};
		4165B35D2DCE7A9C004BC3CD /* Build configuration list for PBXNativeTarget "TourStepTests" */ = {
			isa = XCConfigurationList;
			buildConfigurations = (
				4165B35E2DCE7A9C004BC3CD /* Debug */,
				4165B35F2DCE7A9C004BC3CD /* Release */,
			);
			defaultConfigurationIsVisible = 0;
			defaultConfigurationName = Release;
		};
		4165B3602DCE7A9C004BC3CD /* Build configuration list for PBXNativeTarget "TourStepUITests" */ = {
			isa = XCConfigurationList;
			buildConfigurations = (
				4165B3612DCE7A9C004BC3CD /* Debug */,
				4165B3622DCE7A9C004BC3CD /* Release */,
			);
			defaultConfigurationIsVisible = 0;
			defaultConfigurationName = Release;
		};
/* End XCConfigurationList section */
	};
	rootObject = 4165B3312DCE7A9A004BC3CD /* Project object */;
}
